
Microsoft Visual Studio Solution File, Format Version 12.00
# Visual Studio Version 17
VisualStudioVersion = 17.11.35219.272
MinimumVisualStudioVersion = 10.0.40219.1
Project("{FAE04EC0-301F-11D3-BF4B-00C04F79EFBC}") = "Reto", "Reto\Reto.csproj", "{46246C69-DCCB-4DB7-9DD1-CE4426D77C12}"
EndProject
Global
	GlobalSection(SolutionConfigurationPlatforms) = preSolution
		Debug|Any CPU = Debug|Any CPU
		Release|Any CPU = Release|Any CPU
	EndGlobalSection
	GlobalSection(ProjectConfigurationPlatforms) = postSolution
		{46246C69-DCCB-4DB7-9DD1-CE4426D77C12}.Debug|Any CPU.ActiveCfg = Debug|Any CPU
		{46246C69-DCCB-4DB7-9DD1-CE4426D77C12}.Debug|Any CPU.Build.0 = Debug|Any CPU
		{46246C69-DCCB-4DB7-9DD1-CE4426D77C12}.Release|Any CPU.ActiveCfg = Release|Any CPU
		{46246C69-DCCB-4DB7-9DD1-CE4426D77C12}.Release|Any CPU.Build.0 = Release|Any CPU
	EndGlobalSection
	GlobalSection(SolutionProperties) = preSolution
		HideSolutionNode = FALSE
	EndGlobalSection
	GlobalSection(ExtensibilityGlobals) = postSolution
		SolutionGuid = {FBE1A0BF-1847-4B25-9F97-EDEDF498D706}
	EndGlobalSection
EndGlobal
